# Resolved from the official Dify 1.14.0 default stack on 2026-05-25.
# Refresh this reviewed overlay whenever the Dify release or default topology changes.
services:
  init_permissions:
    image: busybox@sha256:fd8d9aa63ba2f0982b5304e1ee8d3b90a210bc1ffb5314d980eb6962f1a9715d
  api:
    image: langgenius/dify-api@sha256:2256f6722eef6844007a2f7e28fd348b87ce38a20a229aed655f89d63eeca475
  worker:
    image: langgenius/dify-api@sha256:2256f6722eef6844007a2f7e28fd348b87ce38a20a229aed655f89d63eeca475
  worker_beat:
    image: langgenius/dify-api@sha256:2256f6722eef6844007a2f7e28fd348b87ce38a20a229aed655f89d63eeca475
  web:
    image: langgenius/dify-web@sha256:f54f865b9bfb6400d52fe5cae4ca82c8c91a3c5234bb2e9c3a1161fc048ae19c
  db_postgres:
    image: postgres@sha256:df7bca0066e6f60cc3dd32faa70caddec20e2c22b58932f79498e5704b23854a
  redis:
    image: redis@sha256:c9ab371a96b057d3642be9bd71cb1b3fe97920d345dc949860578bffb3d54460
  sandbox:
    image: langgenius/dify-sandbox@sha256:750e1111426ef31a9217b81c98cccfb750f17b182af3221102e420afa9f0928e
  plugin_daemon:
    image: langgenius/dify-plugin-daemon@sha256:f200b00544f83ed69ea11d82996819be43415ad33e5c2b37436667df152ef6c8
  ssrf_proxy:
    image: ubuntu/squid@sha256:6a097f68bae708cedbabd6188d68c7e2e7a38cedd05a176e1cc0ba29e3bbe029
  nginx:
    image: nginx@sha256:5aca99593157f4ae539a5dec1092a0ad8762f8e2eb1789085a13a0f5622369f6
  weaviate:
    image: semitechnologies/weaviate@sha256:53fa576934f8e2c9130dc3a61a0f9b7d9330fe0ff456ccb37db05d03b700abc9
